// !$*UTF8*$!
{
	archiveVersion = 1;
	classes = {
	};
	objectVersion = 46;
	objects = {

/* Begin PBXBuildFile section */
		76F7B43C9F0CCD82953F7B4C /* libPods-IOSHomeWorkTests.a in Frameworks */ = {isa = PBXBuildFile; fileRef = 406304F163B6566C4D1B0BC9 /* libPods-IOSHomeWorkTests.a */; };
		8A3F16D61B3AD6C500E6551E /* main.m in Sources */ = {isa = PBXBuildFile; fileRef = 8A3F16D51B3AD6C500E6551E /* main.m */; };
		8A3F16F01B3AD6C600E6551E /* IOSHomeWorkTests.m in Sources */ = {isa = PBXBuildFile; fileRef = 8A3F16EF1B3AD6C600E6551E /* IOSHomeWorkTests.m */; };
		8A6EF8D81B41A1D400CABD97 /* LaunchScreen.xib in Resources */ = {isa = PBXBuildFile; fileRef = 8A6EF8CE1B41A1D400CABD97 /* LaunchScreen.xib */; };
		8A6EF8D91B41A1D400CABD97 /* LaunchScreen.xib in Resources */ = {isa = PBXBuildFile; fileRef = 8A6EF8CE1B41A1D400CABD97 /* LaunchScreen.xib */; };
		8A6EF8DA1B41A1D400CABD97 /* Main.storyboard in Resources */ = {isa = PBXBuildFile; fileRef = 8A6EF8D01B41A1D400CABD97 /* Main.storyboard */; };
		8A6EF8DB1B41A1D400CABD97 /* Main.storyboard in Resources */ = {isa = PBXBuildFile; fileRef = 8A6EF8D01B41A1D400CABD97 /* Main.storyboard */; };
		8A6EF8DC1B41A1D400CABD97 /* Images.xcassets in Resources */ = {isa = PBXBuildFile; fileRef = 8A6EF8D21B41A1D400CABD97 /* Images.xcassets */; };
		8A6EF8DD1B41A1D400CABD97 /* Images.xcassets in Resources */ = {isa = PBXBuildFile; fileRef = 8A6EF8D21B41A1D400CABD97 /* Images.xcassets */; };
		8A6EF8DE1B41A1D400CABD97 /* AppDelegate.m in Sources */ = {isa = PBXBuildFile; fileRef = 8A6EF8D51B41A1D400CABD97 /* AppDelegate.m */; };
		8A6EF8DF1B41A1D400CABD97 /* AppDelegate.m in Sources */ = {isa = PBXBuildFile; fileRef = 8A6EF8D51B41A1D400CABD97 /* AppDelegate.m */; };
		8A6EF8E01B41A1D400CABD97 /* ViewController.m in Sources */ = {isa = PBXBuildFile; fileRef = 8A6EF8D71B41A1D400CABD97 /* ViewController.m */; };
		8A6EF8E11B41A1D400CABD97 /* ViewController.m in Sources */ = {isa = PBXBuildFile; fileRef = 8A6EF8D71B41A1D400CABD97 /* ViewController.m */; };
/* End PBXBuildFile section */

/* Begin PBXContainerItemProxy section */
		8A3F16EA1B3AD6C600E6551E /* PBXContainerItemProxy */ = {
			isa = PBXContainerItemProxy;
			containerPortal = 8A3F16C81B3AD6C500E6551E /* Project object */;
			proxyType = 1;
			remoteGlobalIDString = 8A3F16CF1B3AD6C500E6551E;
			remoteInfo = IOSHomeWork;
		};
/* End PBXContainerItemProxy section */

/* Begin PBXFileReference section */
		406304F163B6566C4D1B0BC9 /* libPods-IOSHomeWorkTests.a */ = {isa = PBXFileReference; explicitFileType = archive.ar; includeInIndex = 0; path = "libPods-IOSHomeWorkTests.a"; sourceTree = BUILT_PRODUCTS_DIR; };
		55B46FB7EC3516B7038401DA /* Pods-IOSHomeWorkTests.debug.xcconfig */ = {isa = PBXFileReference; includeInIndex = 1; lastKnownFileType = text.xcconfig; name = "Pods-IOSHomeWorkTests.debug.xcconfig"; path = "Pods/Target Support Files/Pods-IOSHomeWorkTests/Pods-IOSHomeWorkTests.debug.xcconfig"; sourceTree = "<group>"; };
		8A3F16D01B3AD6C500E6551E /* IOSHomeWork.app */ = {isa = PBXFileReference; explicitFileType = wrapper.application; includeInIndex = 0; path = IOSHomeWork.app; sourceTree = BUILT_PRODUCTS_DIR; };
		8A3F16D41B3AD6C500E6551E /* Info.plist */ = {isa = PBXFileReference; lastKnownFileType = text.plist.xml; path = Info.plist; sourceTree = "<group>"; };
		8A3F16D51B3AD6C500E6551E /* main.m */ = {isa = PBXFileReference; lastKnownFileType = sourcecode.c.objc; path = main.m; sourceTree = "<group>"; };
		8A3F16E91B3AD6C600E6551E /* IOSHomeWorkTests.xctest */ = {isa = PBXFileReference; explicitFileType = wrapper.cfbundle; includeInIndex = 0; path = IOSHomeWorkTests.xctest; sourceTree = BUILT_PRODUCTS_DIR; };
		8A3F16EE1B3AD6C600E6551E /* Info.plist */ = {isa = PBXFileReference; lastKnownFileType = text.plist.xml; path = Info.plist; sourceTree = "<group>"; };
		8A3F16EF1B3AD6C600E6551E /* IOSHomeWorkTests.m */ = {isa = PBXFileReference; lastKnownFileType = sourcecode.c.objc; path = IOSHomeWorkTests.m; sourceTree = "<group>"; };
		8A6EF8CF1B41A1D400CABD97 /* Base */ = {isa = PBXFileReference; lastKnownFileType = file.xib; name = Base; path = Base.lproj/LaunchScreen.xib; sourceTree = "<group>"; };
		8A6EF8D11B41A1D400CABD97 /* Base */ = {isa = PBXFileReference; lastKnownFileType = file.storyboard; name = Base; path = Base.lproj/Main.storyboard; sourceTree = "<group>"; };
		8A6EF8D21B41A1D400CABD97 /* Images.xcassets */ = {isa = PBXFileReference; lastKnownFileType = folder.assetcatalog; path = Images.xcassets; sourceTree = "<group>"; };
		8A6EF8D41B41A1D400CABD97 /* AppDelegate.h */ = {isa = PBXFileReference; fileEncoding = 4; lastKnownFileType = sourcecode.c.h; path = AppDelegate.h; sourceTree = "<group>"; };
		8A6EF8D51B41A1D400CABD97 /* AppDelegate.m */ = {isa = PBXFileReference; fileEncoding = 4; lastKnownFileType = sourcecode.c.objc; path = AppDelegate.m; sourceTree = "<group>"; };
		8A6EF8D61B41A1D400CABD97 /* ViewController.h */ = {isa = PBXFileReference; fileEncoding = 4; lastKnownFileType = sourcecode.c.h; path = ViewController.h; sourceTree = "<group>"; };
		8A6EF8D71B41A1D400CABD97 /* ViewController.m */ = {isa = PBXFileReference; fileEncoding = 4; lastKnownFileType = sourcecode.c.objc; path = ViewController.m; sourceTree = "<group>"; };
		DBC695F94A88503EC6D4A88A /* Pods-IOSHomeWorkTests.release.xcconfig */ = {isa = PBXFileReference; includeInIndex = 1; lastKnownFileType = text.xcconfig; name = "Pods-IOSHomeWorkTests.release.xcconfig"; path = "Pods/Target Support Files/Pods-IOSHomeWorkTests/Pods-IOSHomeWorkTests.release.xcconfig"; sourceTree = "<group>"; };
/* End PBXFileReference section */

/* Begin PBXFrameworksBuildPhase section */
		8A3F16CD1B3AD6C500E6551E /* Frameworks */ = {
			isa = PBXFrameworksBuildPhase;
			buildActionMask = 2147483647;
			files = (
			);
			runOnlyForDeploymentPostprocessing = 0;
		};
		8A3F16E61B3AD6C600E6551E /* Frameworks */ = {
			isa = PBXFrameworksBuildPhase;
			buildActionMask = 2147483647;
			files = (
				76F7B43C9F0CCD82953F7B4C /* libPods-IOSHomeWorkTests.a in Frameworks */,
			);
			runOnlyForDeploymentPostprocessing = 0;
		};
/* End PBXFrameworksBuildPhase section */

/* Begin PBXGroup section */
		67EE47B6239A77197EE051FC /* Pods */ = {
			isa = PBXGroup;
			children = (
				55B46FB7EC3516B7038401DA /* Pods-IOSHomeWorkTests.debug.xcconfig */,
				DBC695F94A88503EC6D4A88A /* Pods-IOSHomeWorkTests.release.xcconfig */,
			);
			name = Pods;
			sourceTree = "<group>";
		};
		8A3F16C71B3AD6C500E6551E = {
			isa = PBXGroup;
			children = (
				8A6EF8CD1B41A1D400CABD97 /* Resources */,
				8A6EF8D31B41A1D400CABD97 /* Source */,
				8A3F16D21B3AD6C500E6551E /* IOSHomeWork */,
				8A3F16EC1B3AD6C600E6551E /* IOSHomeWorkTests */,
				8A3F16D11B3AD6C500E6551E /* Products */,
				67EE47B6239A77197EE051FC /* Pods */,
				C08E624FF0E0289DD105FE78 /* Frameworks */,
			);
			sourceTree = "<group>";
		};
		8A3F16D11B3AD6C500E6551E /* Products */ = {
			isa = PBXGroup;
			children = (
				8A3F16D01B3AD6C500E6551E /* IOSHomeWork.app */,
				8A3F16E91B3AD6C600E6551E /* IOSHomeWorkTests.xctest */,
			);
			name = Products;
			sourceTree = "<group>";
		};
		8A3F16D21B3AD6C500E6551E /* IOSHomeWork */ = {
			isa = PBXGroup;
			children = (
				8A3F16D31B3AD6C500E6551E /* Supporting Files */,
			);
			path = IOSHomeWork;
			sourceTree = "<group>";
		};
		8A3F16D31B3AD6C500E6551E /* Supporting Files */ = {
			isa = PBXGroup;
			children = (
				8A3F16D41B3AD6C500E6551E /* Info.plist */,
				8A3F16D51B3AD6C500E6551E /* main.m */,
			);
			name = "Supporting Files";
			sourceTree = "<group>";
		};
		8A3F16EC1B3AD6C600E6551E /* IOSHomeWorkTests */ = {
			isa = PBXGroup;
			children = (
				8A6EF8E21B41A3AB00CABD97 /* Specs */,
				8A3F16EF1B3AD6C600E6551E /* IOSHomeWorkTests.m */,
				8A3F16ED1B3AD6C600E6551E /* Supporting Files */,
			);
			path = IOSHomeWorkTests;
			sourceTree = "<group>";
		};
		8A3F16ED1B3AD6C600E6551E /* Supporting Files */ = {
			isa = PBXGroup;
			children = (
				8A3F16EE1B3AD6C600E6551E /* Info.plist */,
			);
			name = "Supporting Files";
			sourceTree = "<group>";
		};
		8A6EF8CD1B41A1D400CABD97 /* Resources */ = {
			isa = PBXGroup;
			children = (
				8A6EF8CE1B41A1D400CABD97 /* LaunchScreen.xib */,
				8A6EF8D01B41A1D400CABD97 /* Main.storyboard */,
				8A6EF8D21B41A1D400CABD97 /* Images.xcassets */,
			);
			path = Resources;
			sourceTree = "<group>";
		};
		8A6EF8D31B41A1D400CABD97 /* Source */ = {
			isa = PBXGroup;
			children = (
				8A6EF8D41B41A1D400CABD97 /* AppDelegate.h */,
				8A6EF8D51B41A1D400CABD97 /* AppDelegate.m */,
				8A6EF8D61B41A1D400CABD97 /* ViewController.h */,
				8A6EF8D71B41A1D400CABD97 /* ViewController.m */,
			);
			path = Source;
			sourceTree = "<group>";
		};
		8A6EF8E21B41A3AB00CABD97 /* Specs */ = {
			isa = PBXGroup;
			children = (
			);
			path = Specs;
			sourceTree = "<group>";
		};
		C08E624FF0E0289DD105FE78 /* Frameworks */ = {
			isa = PBXGroup;
			children = (
				406304F163B6566C4D1B0BC9 /* libPods-IOSHomeWorkTests.a */,
			);
			name = Frameworks;
			sourceTree = "<group>";
		};
/* End PBXGroup section */

/* Begin PBXNativeTarget section */
		8A3F16CF1B3AD6C500E6551E /* IOSHomeWork */ = {
			isa = PBXNativeTarget;
			buildConfigurationList = 8A3F16F31B3AD6C600E6551E /* Build configuration list for PBXNativeTarget "IOSHomeWork" */;
			buildPhases = (
				8A3F16CC1B3AD6C500E6551E /* Sources */,
				8A3F16CD1B3AD6C500E6551E /* Frameworks */,
				8A3F16CE1B3AD6C500E6551E /* Resources */,
			);
			buildRules = (
			);
			dependencies = (
			);
			name = IOSHomeWork;
			productName = IOSHomeWork;
			productReference = 8A3F16D01B3AD6C500E6551E /* IOSHomeWork.app */;
			productType = "com.apple.product-type.application";
		};
		8A3F16E81B3AD6C600E6551E /* IOSHomeWorkTests */ = {
			isa = PBXNativeTarget;
			buildConfigurationList = 8A3F16F61B3AD6C600E6551E /* Build configuration list for PBXNativeTarget "IOSHomeWorkTests" */;
			buildPhases = (
				4B49C199E1448BA8D9FDE63D /* Check Pods Manifest.lock */,
				8A3F16E51B3AD6C600E6551E /* Sources */,
				8A3F16E61B3AD6C600E6551E /* Frameworks */,
				8A3F16E71B3AD6C600E6551E /* Resources */,
				93C2532DAE9E524649F6E27C /* Copy Pods Resources */,
			);
			buildRules = (
			);
			dependencies = (
				8A3F16EB1B3AD6C600E6551E /* PBXTargetDependency */,
			);
			name = IOSHomeWorkTests;
			productName = IOSHomeWorkTests;
			productReference = 8A3F16E91B3AD6C600E6551E /* IOSHomeWorkTests.xctest */;
			productType = "com.apple.product-type.bundle.unit-test";
		};
/* End PBXNativeTarget section */

/* Begin PBXProject section */
		8A3F16C81B3AD6C500E6551E /* Project object */ = {
			isa = PBXProject;
			attributes = {
				CLASSPREFIX = TKA;
				LastUpgradeCheck = 0630;
				ORGANIZATIONNAME = TKAHomeWork;
				TargetAttributes = {
					8A3F16CF1B3AD6C500E6551E = {
						CreatedOnToolsVersion = 6.3.2;
					};
					8A3F16E81B3AD6C600E6551E = {
						CreatedOnToolsVersion = 6.3.2;
						TestTargetID = 8A3F16CF1B3AD6C500E6551E;
					};
				};
			};
			buildConfigurationList = 8A3F16CB1B3AD6C500E6551E /* Build configuration list for PBXProject "IOSHomeWork" */;
			compatibilityVersion = "Xcode 3.2";
			developmentRegion = English;
			hasScannedForEncodings = 0;
			knownRegions = (
				en,
				Base,
			);
			mainGroup = 8A3F16C71B3AD6C500E6551E;
			productRefGroup = 8A3F16D11B3AD6C500E6551E /* Products */;
			projectDirPath = "";
			projectRoot = "";
			targets = (
				8A3F16CF1B3AD6C500E6551E /* IOSHomeWork */,
				8A3F16E81B3AD6C600E6551E /* IOSHomeWorkTests */,
			);
		};
/* End PBXProject section */

/* Begin PBXResourcesBuildPhase section */
		8A3F16CE1B3AD6C500E6551E /* Resources */ = {
			isa = PBXResourcesBuildPhase;
			buildActionMask = 2147483647;
			files = (
				8A6EF8DC1B41A1D400CABD97 /* Images.xcassets in Resources */,
				8A6EF8D81B41A1D400CABD97 /* LaunchScreen.xib in Resources */,
				8A6EF8DA1B41A1D400CABD97 /* Main.storyboard in Resources */,
			);
			runOnlyForDeploymentPostprocessing = 0;
		};
		8A3F16E71B3AD6C600E6551E /* Resources */ = {
			isa = PBXResourcesBuildPhase;
			buildActionMask = 2147483647;
			files = (
				8A6EF8DD1B41A1D400CABD97 /* Images.xcassets in Resources */,
				8A6EF8D91B41A1D400CABD97 /* LaunchScreen.xib in Resources */,
				8A6EF8DB1B41A1D400CABD97 /* Main.storyboard in Resources */,
			);
			runOnlyForDeploymentPostprocessing = 0;
		};
/* End PBXResourcesBuildPhase section */

/* Begin PBXShellScriptBuildPhase section */
		4B49C199E1448BA8D9FDE63D /* Check Pods Manifest.lock */ = {
			isa = PBXShellScriptBuildPhase;
			buildActionMask = 2147483647;
			files = (
			);
			inputPaths = (
			);
			name = "Check Pods Manifest.lock";
			outputPaths = (
			);
			runOnlyForDeploymentPostprocessing = 0;
			shellPath = /bin/sh;
			shellScript = "diff \"${PODS_ROOT}/../Podfile.lock\" \"${PODS_ROOT}/Manifest.lock\" > /dev/null\nif [[ $? != 0 ]] ; then\n    cat << EOM\nerror: The sandbox is not in sync with the Podfile.lock. Run 'pod install' or update your CocoaPods installation.\nEOM\n    exit 1\nfi\n";
			showEnvVarsInLog = 0;
		};
		93C2532DAE9E524649F6E27C /* Copy Pods Resources */ = {
			isa = PBXShellScriptBuildPhase;
			buildActionMask = 2147483647;
			files = (
			);
			inputPaths = (
			);
			name = "Copy Pods Resources";
			outputPaths = (
			);
			runOnlyForDeploymentPostprocessing = 0;
			shellPath = /bin/sh;
			shellScript = "\"${SRCROOT}/Pods/Target Support Files/Pods-IOSHomeWorkTests/Pods-IOSHomeWorkTests-resources.sh\"\n";
			showEnvVarsInLog = 0;
		};
/* End PBXShellScriptBuildPhase section */

/* Begin PBXSourcesBuildPhase section */
		8A3F16CC1B3AD6C500E6551E /* Sources */ = {
			isa = PBXSourcesBuildPhase;
			buildActionMask = 2147483647;
			files = (
				8A6EF8E01B41A1D400CABD97 /* ViewController.m in Sources */,
				8A6EF8DE1B41A1D400CABD97 /* AppDelegate.m in Sources */,
				8A3F16D61B3AD6C500E6551E /* main.m in Sources */,
			);
			runOnlyForDeploymentPostprocessing = 0;
		};
		8A3F16E51B3AD6C600E6551E /* Sources */ = {
			isa = PBXSourcesBuildPhase;
			buildActionMask = 2147483647;
			files = (
				8A6EF8E11B41A1D400CABD97 /* ViewController.m in Sources */,
				8A6EF8DF1B41A1D400CABD97 /* AppDelegate.m in Sources */,
				8A3F16F01B3AD6C600E6551E /* IOSHomeWorkTests.m in Sources */,
			);
			runOnlyForDeploymentPostprocessing = 0;
		};
/* End PBXSourcesBuildPhase section */

/* Begin PBXTargetDependency section */
		8A3F16EB1B3AD6C600E6551E /* PBXTargetDependency */ = {
			isa = PBXTargetDependency;
			target = 8A3F16CF1B3AD6C500E6551E /* IOSHomeWork */;
			targetProxy = 8A3F16EA1B3AD6C600E6551E /* PBXContainerItemProxy */;
		};
/* End PBXTargetDependency section */

/* Begin PBXVariantGroup section */
		8A6EF8CE1B41A1D400CABD97 /* LaunchScreen.xib */ = {
			isa = PBXVariantGroup;
			children = (
				8A6EF8CF1B41A1D400CABD97 /* Base */,
			);
			name = LaunchScreen.xib;
			sourceTree = "<group>";
		};
		8A6EF8D01B41A1D400CABD97 /* Main.storyboard */ = {
			isa = PBXVariantGroup;
			children = (
				8A6EF8D11B41A1D400CABD97 /* Base */,
			);
			name = Main.storyboard;
			sourceTree = "<group>";
		};
/* End PBXVariantGroup section */

/* Begin XCBuildConfiguration section */
		8A3F16F11B3AD6C600E6551E /* Debug */ = {
			isa = XCBuildConfiguration;
			buildSettings = {
				ALWAYS_SEARCH_USER_PATHS = NO;
				CLANG_CXX_LANGUAGE_STANDARD = "gnu++0x";
				CLANG_CXX_LIBRARY = "libc++";
				CLANG_ENABLE_MODULES = YES;
				CLANG_ENABLE_OBJC_ARC = YES;
				CLANG_WARN_BOOL_CONVERSION = YES;
				CLANG_WARN_CONSTANT_CONVERSION = YES;
				CLANG_WARN_DIRECT_OBJC_ISA_USAGE = YES_ERROR;
				CLANG_WARN_EMPTY_BODY = YES;
				CLANG_WARN_ENUM_CONVERSION = YES;
				CLANG_WARN_INT_CONVERSION = YES;
				CLANG_WARN_OBJC_ROOT_CLASS = YES_ERROR;
				CLANG_WARN_UNREACHABLE_CODE = YES;
				CLANG_WARN__DUPLICATE_METHOD_MATCH = YES;
				"CODE_SIGN_IDENTITY[sdk=iphoneos*]" = "iPhone Developer";
				COPY_PHASE_STRIP = NO;
				DEBUG_INFORMATION_FORMAT = "dwarf-with-dsym";
				ENABLE_STRICT_OBJC_MSGSEND = YES;
				GCC_C_LANGUAGE_STANDARD = gnu99;
				GCC_DYNAMIC_NO_PIC = NO;
				GCC_NO_COMMON_BLOCKS = YES;
				GCC_OPTIMIZATION_LEVEL = 0;
				GCC_PREPROCESSOR_DEFINITIONS = (
					"DEBUG=1",
					"$(inherited)",
				);
				GCC_SYMBOLS_PRIVATE_EXTERN = NO;
				GCC_WARN_64_TO_32_BIT_CONVERSION = YES;
				GCC_WARN_ABOUT_RETURN_TYPE = YES_ERROR;
				GCC_WARN_UNDECLARED_SELECTOR = YES;
				GCC_WARN_UNINITIALIZED_AUTOS = YES_AGGRESSIVE;
				GCC_WARN_UNUSED_FUNCTION = YES;
				GCC_WARN_UNUSED_VARIABLE = YES;
				IPHONEOS_DEPLOYMENT_TARGET = 8.3;
				MTL_ENABLE_DEBUG_INFO = YES;
				ONLY_ACTIVE_ARCH = YES;
				SDKROOT = iphoneos;
			};
			name = Debug;
		};
		8A3F16F21B3AD6C600E6551E /* Release */ = {
			isa = XCBuildConfiguration;
			buildSettings = {
				ALWAYS_SEARCH_USER_PATHS = NO;
				CLANG_CXX_LANGUAGE_STANDARD = "gnu++0x";
				CLANG_CXX_LIBRARY = "libc++";
				CLANG_ENABLE_MODULES = YES;
				CLANG_ENABLE_OBJC_ARC = YES;
				CLANG_WARN_BOOL_CONVERSION = YES;
				CLANG_WARN_CONSTANT_CONVERSION = YES;
				CLANG_WARN_DIRECT_OBJC_ISA_USAGE = YES_ERROR;
				CLANG_WARN_EMPTY_BODY = YES;
				CLANG_WARN_ENUM_CONVERSION = YES;
				CLANG_WARN_INT_CONVERSION = YES;
				CLANG_WARN_OBJC_ROOT_CLASS = YES_ERROR;
				CLANG_WARN_UNREACHABLE_CODE = YES;
				CLANG_WARN__DUPLICATE_METHOD_MATCH = YES;
				"CODE_SIGN_IDENTITY[sdk=iphoneos*]" = "iPhone Developer";
				COPY_PHASE_STRIP = NO;
				DEBUG_INFORMATION_FORMAT = "dwarf-with-dsym";
				ENABLE_NS_ASSERTIONS = NO;
				ENABLE_STRICT_OBJC_MSGSEND = YES;
				GCC_C_LANGUAGE_STANDARD = gnu99;
				GCC_NO_COMMON_BLOCKS = YES;
				GCC_WARN_64_TO_32_BIT_CONVERSION = YES;
				GCC_WARN_ABOUT_RETURN_TYPE = YES_ERROR;
				GCC_WARN_UNDECLARED_SELECTOR = YES;
				GCC_WARN_UNINITIALIZED_AUTOS = YES_AGGRESSIVE;
				GCC_WARN_UNUSED_FUNCTION = YES;
				GCC_WARN_UNUSED_VARIABLE = YES;
				IPHONEOS_DEPLOYMENT_TARGET = 8.3;
				MTL_ENABLE_DEBUG_INFO = NO;
				SDKROOT = iphoneos;
				VALIDATE_PRODUCT = YES;
			};
			name = Release;
		};
		8A3F16F41B3AD6C600E6551E /* Debug */ = {
			isa = XCBuildConfiguration;
			buildSettings = {
				ASSETCATALOG_COMPILER_APPICON_NAME = AppIcon;
				INFOPLIST_FILE = IOSHomeWork/Info.plist;
				LD_RUNPATH_SEARCH_PATHS = "$(inherited) @executable_path/Frameworks";
				PRODUCT_NAME = "$(TARGET_NAME)";
			};
			name = Debug;
		};
		8A3F16F51B3AD6C600E6551E /* Release */ = {
			isa = XCBuildConfiguration;
			buildSettings = {
				ASSETCATALOG_COMPILER_APPICON_NAME = AppIcon;
				INFOPLIST_FILE = IOSHomeWork/Info.plist;
				LD_RUNPATH_SEARCH_PATHS = "$(inherited) @executable_path/Frameworks";
				PRODUCT_NAME = "$(TARGET_NAME)";
			};
			name = Release;
		};
		8A3F16F71B3AD6C600E6551E /* Debug */ = {
			isa = XCBuildConfiguration;
			baseConfigurationReference = 55B46FB7EC3516B7038401DA /* Pods-IOSHomeWorkTests.debug.xcconfig */;
			buildSettings = {
				BUNDLE_LOADER = "$(TEST_HOST)";
				FRAMEWORK_SEARCH_PATHS = (
					"$(SDKROOT)/Developer/Library/Frameworks",
					"$(inherited)",
				);
				GCC_PREPROCESSOR_DEFINITIONS = (
					"DEBUG=1",
					"$(inherited)",
				);
				INFOPLIST_FILE = IOSHomeWorkTests/Info.plist;
				LD_RUNPATH_SEARCH_PATHS = "$(inherited) @executable_path/Frameworks @loader_path/Frameworks";
				PRODUCT_NAME = "$(TARGET_NAME)";
				TEST_HOST = "$(BUILT_PRODUCTS_DIR)/IOSHomeWork.app/IOSHomeWork";
			};
			name = Debug;
		};
		8A3F16F81B3AD6C600E6551E /* Release */ = {
			isa = XCBuildConfiguration;
			baseConfigurationReference = DBC695F94A88503EC6D4A88A /* Pods-IOSHomeWorkTests.release.xcconfig */;
			buildSettings = {
				BUNDLE_LOADER = "$(TEST_HOST)";
				FRAMEWORK_SEARCH_PATHS = (
					"$(SDKROOT)/Developer/Library/Frameworks",
					"$(inherited)",
				);
				INFOPLIST_FILE = IOSHomeWorkTests/Info.plist;
				LD_RUNPATH_SEARCH_PATHS = "$(inherited) @executable_path/Frameworks @loader_path/Frameworks";
				PRODUCT_NAME = "$(TARGET_NAME)";
				TEST_HOST = "$(BUILT_PRODUCTS_DIR)/IOSHomeWork.app/IOSHomeWork";
			};
			name = Release;
		};
/* End XCBuildConfiguration section */

/* Begin XCConfigurationList section */
		8A3F16CB1B3AD6C500E6551E /* Build configuration list for PBXProject "IOSHomeWork" */ = {
			isa = XCConfigurationList;
			buildConfigurations = (
				8A3F16F11B3AD6C600E6551E /* Debug */,
				8A3F16F21B3AD6C600E6551E /* Release */,
			);
			defaultConfigurationIsVisible = 0;
			defaultConfigurationName = Release;
		};
		8A3F16F31B3AD6C600E6551E /* Build configuration list for PBXNativeTarget "IOSHomeWork" */ = {
			isa = XCConfigurationList;
			buildConfigurations = (
				8A3F16F41B3AD6C600E6551E /* Debug */,
				8A3F16F51B3AD6C600E6551E /* Release */,
			);
			defaultConfigurationIsVisible = 0;
			defaultConfigurationName = Release;
		};
		8A3F16F61B3AD6C600E6551E /* Build configuration list for PBXNativeTarget "IOSHomeWorkTests" */ = {
			isa = XCConfigurationList;
			buildConfigurations = (
				8A3F16F71B3AD6C600E6551E /* Debug */,
				8A3F16F81B3AD6C600E6551E /* Release */,
			);
			defaultConfigurationIsVisible = 0;
			defaultConfigurationName = Release;
		};
/* End XCConfigurationList section */
	};
	rootObject = 8A3F16C81B3AD6C500E6551E /* Project object */;
}
